# THIS IS AN AUTOGENERATED FILE. DO NOT EDIT THIS FILE DIRECTLY.
# yarn lockfile v1


konva@^9.3.22:
  version "9.3.22"
  resolved "https://registry.yarnpkg.com/konva/-/konva-9.3.22.tgz#aa979c410127dda20bf0788ab70a414648c25a91"
  integrity sha512-yQI5d1bmELlD/fowuyfOp9ff+oamg26WOCkyqUyc+nczD/lhRa3EvD2MZOoc4c1293TAubW9n34fSQLgSeEgSw==

ng2-konva@^9.0.0:
  version "9.0.0"
  resolved "https://registry.yarnpkg.com/ng2-konva/-/ng2-konva-9.0.0.tgz#4ea355ae9935869362e97b0d765857365a8439b0"
  integrity sha512-/yHZbcvdt5ZzQHYJFJGZIgrdPHQbYtajTDrhwnpdpa/awinczlnXRrPXXmocf7nBy8UTX4k/BNjZh9Gs/4Bt4w==
  dependencies:
    tslib "^2.3.0"

tslib@^2.3.0:
  version "2.8.1"
  resolved "https://registry.yarnpkg.com/tslib/-/tslib-2.8.1.tgz#612efe4ed235d567e8aba5f2a5fab70280ade83f"
  integrity sha512-oJFu94HQb+KVduSUQL7wnpmqnfmLsOA/nAh6b6EH0wCEoK0/mPeXU6c3wKDV83MkOuHPRHtSXKKU99IBazS/2w==
